
Microsoft Visual Studio Solution File, Format Version 12.00
# Visual Studio Version 16
VisualStudioVersion = 16.0.31729.503
MinimumVisualStudioVersion = 10.0.40219.1
Project("{FAE04EC0-301F-11D3-BF4B-00C04F79EFBC}") = "HealthSystemV2.0", "HealthSystemV2.0.csproj", "{784F81F6-74F4-4C3B-BEC0-63C927246A6E}"
EndProject
Global
	GlobalSection(SolutionConfigurationPlatforms) = preSolution
		Debug|Any CPU = Debug|Any CPU
		Release|Any CPU = Release|Any CPU
	EndGlobalSection
	GlobalSection(ProjectConfigurationPlatforms) = postSolution
		{784F81F6-74F4-4C3B-BEC0-63C927246A6E}.Debug|Any CPU.ActiveCfg = Debug|Any CPU
		{784F81F6-74F4-4C3B-BEC0-63C927246A6E}.Debug|Any CPU.Build.0 = Debug|Any CPU
		{784F81F6-74F4-4C3B-BEC0-63C927246A6E}.Release|Any CPU.ActiveCfg = Release|Any CPU
		{784F81F6-74F4-4C3B-BEC0-63C927246A6E}.Release|Any CPU.Build.0 = Release|Any CPU
	EndGlobalSection
	GlobalSection(SolutionProperties) = preSolution
		HideSolutionNode = FALSE
	EndGlobalSection
	GlobalSection(ExtensibilityGlobals) = postSolution
		SolutionGuid = {E2906131-4C2D-4B62-85DC-B8A456AEB1C7}
	EndGlobalSection
EndGlobal
